
Microsoft Visual Studio Solution File, Format Version 12.00
# Visual Studio 2012
Project("{FAE04EC0-301F-11D3-BF4B-00C04F79EFBC}") = "soothsayer", "soothsayer\soothsayer.csproj", "{C8276BBC-8E8C-4E06-B975-F902562DFC8D}"
EndProject
Project("{2150E333-8FDC-42A3-9474-1A3956D46DE8}") = "Solution Items", "Solution Items", "{FF6BA93D-D2BC-45F9-A748-70255D54DA8C}"
	ProjectSection(SolutionItems) = preProject
		README.md = README.md
	EndProjectSection
EndProject
Project("{FAE04EC0-301F-11D3-BF4B-00C04F79EFBC}") = "soothsayer.Tests", "soothsayer.Tests\soothsayer.Tests.csproj", "{5C21758C-96C8-4F37-BD0A-A8ADD8717E49}"
EndProject
Global
	GlobalSection(SolutionConfigurationPlatforms) = preSolution
		Debug|Any CPU = Debug|Any CPU
		Release|Any CPU = Release|Any CPU
	EndGlobalSection
	GlobalSection(ProjectConfigurationPlatforms) = postSolution
		{5C21758C-96C8-4F37-BD0A-A8ADD8717E49}.Debug|Any CPU.ActiveCfg = Debug|Any CPU
		{5C21758C-96C8-4F37-BD0A-A8ADD8717E49}.Debug|Any CPU.Build.0 = Debug|Any CPU
		{5C21758C-96C8-4F37-BD0A-A8ADD8717E49}.Release|Any CPU.ActiveCfg = Release|Any CPU
		{5C21758C-96C8-4F37-BD0A-A8ADD8717E49}.Release|Any CPU.Build.0 = Release|Any CPU
		{C8276BBC-8E8C-4E06-B975-F902562DFC8D}.Debug|Any CPU.ActiveCfg = Debug|Any CPU
		{C8276BBC-8E8C-4E06-B975-F902562DFC8D}.Debug|Any CPU.Build.0 = Debug|Any CPU
		{C8276BBC-8E8C-4E06-B975-F902562DFC8D}.Release|Any CPU.ActiveCfg = Release|Any CPU
		{C8276BBC-8E8C-4E06-B975-F902562DFC8D}.Release|Any CPU.Build.0 = Release|Any CPU
	EndGlobalSection
	GlobalSection(NestedProjects) = preSolution
	EndGlobalSection
	GlobalSection(MonoDevelopProperties) = preSolution
		Policies = $0
		$0.DotNetNamingPolicy = $1
		$1.DirectoryNamespaceAssociation = PrefixedHierarchical
		$1.ResourceNamePolicy = FileFormatDefault
	EndGlobalSection
	GlobalSection(SolutionProperties) = preSolution
		HideSolutionNode = FALSE
	EndGlobalSection
EndGlobal
